// !$*UTF8*$!
{
	archiveVersion = 1;
	classes = {
	};
	objectVersion = 50;
	objects = {

/* Begin PBXBuildFile section */
		51852C2D2450BE4D00929FC0 /* ToDo  in Resources */ = {isa = PBXBuildFile; fileRef = 51852C2C2450BE4D00929FC0 /* ToDo  */; };
		518902AA2450393D0073153E /* HealthKit.framework in Frameworks */ = {isa = PBXBuildFile; fileRef = 518902A92450393D0073153E /* HealthKit.framework */; };
		518902AC24503B2F0073153E /* HealthKitManager.swift in Sources */ = {isa = PBXBuildFile; fileRef = 518902AB24503B2F0073153E /* HealthKitManager.swift */; };
		518902B2245094AD0073153E /* Bike.swift in Sources */ = {isa = PBXBuildFile; fileRef = 518902B1245094AD0073153E /* Bike.swift */; };
		518902B4245095A10073153E /* BikeSelectionVC.swift in Sources */ = {isa = PBXBuildFile; fileRef = 518902B3245095A10073153E /* BikeSelectionVC.swift */; };
		518902B6245099F50073153E /* BikeTVC.swift in Sources */ = {isa = PBXBuildFile; fileRef = 518902B5245099F50073153E /* BikeTVC.swift */; };
		51CDA506244D902500A0EE2B /* AppDelegate.swift in Sources */ = {isa = PBXBuildFile; fileRef = 51CDA505244D902500A0EE2B /* AppDelegate.swift */; };
		51CDA508244D902500A0EE2B /* SceneDelegate.swift in Sources */ = {isa = PBXBuildFile; fileRef = 51CDA507244D902500A0EE2B /* SceneDelegate.swift */; };
		51CDA50A244D902500A0EE2B /* WorkoutVC.swift in Sources */ = {isa = PBXBuildFile; fileRef = 51CDA509244D902500A0EE2B /* WorkoutVC.swift */; };
		51CDA50D244D902500A0EE2B /* Main.storyboard in Resources */ = {isa = PBXBuildFile; fileRef = 51CDA50B244D902500A0EE2B /* Main.storyboard */; };
		51CDA50F244D902800A0EE2B /* Assets.xcassets in Resources */ = {isa = PBXBuildFile; fileRef = 51CDA50E244D902800A0EE2B /* Assets.xcassets */; };
		51CDA512244D902800A0EE2B /* LaunchScreen.storyboard in Resources */ = {isa = PBXBuildFile; fileRef = 51CDA510244D902800A0EE2B /* LaunchScreen.storyboard */; };
		51CDA51E244D94FA00A0EE2B /* WorkoutSampleData.swift in Sources */ = {isa = PBXBuildFile; fileRef = 51CDA51D244D94FA00A0EE2B /* WorkoutSampleData.swift */; };
/* End PBXBuildFile section */

/* Begin PBXFileReference section */
		51852C2C2450BE4D00929FC0 /* ToDo  */ = {isa = PBXFileReference; lastKnownFileType = text; path = "ToDo "; sourceTree = "<group>"; };
		518902A72450393D0073153E /* Bicicleteando.entitlements */ = {isa = PBXFileReference; lastKnownFileType = text.plist.entitlements; path = Bicicleteando.entitlements; sourceTree = "<group>"; };
		518902A92450393D0073153E /* HealthKit.framework */ = {isa = PBXFileReference; lastKnownFileType = wrapper.framework; name = HealthKit.framework; path = System/Library/Frameworks/HealthKit.framework; sourceTree = SDKROOT; };
		518902AB24503B2F0073153E /* HealthKitManager.swift */ = {isa = PBXFileReference; lastKnownFileType = sourcecode.swift; path = HealthKitManager.swift; sourceTree = "<group>"; };
		518902B1245094AD0073153E /* Bike.swift */ = {isa = PBXFileReference; lastKnownFileType = sourcecode.swift; path = Bike.swift; sourceTree = "<group>"; };
		518902B3245095A10073153E /* BikeSelectionVC.swift */ = {isa = PBXFileReference; lastKnownFileType = sourcecode.swift; path = BikeSelectionVC.swift; sourceTree = "<group>"; };
		518902B5245099F50073153E /* BikeTVC.swift */ = {isa = PBXFileReference; lastKnownFileType = sourcecode.swift; path = BikeTVC.swift; sourceTree = "<group>"; };
		51CDA502244D902500A0EE2B /* Bicicleteando.app */ = {isa = PBXFileReference; explicitFileType = wrapper.application; includeInIndex = 0; path = Bicicleteando.app; sourceTree = BUILT_PRODUCTS_DIR; };
		51CDA505244D902500A0EE2B /* AppDelegate.swift */ = {isa = PBXFileReference; lastKnownFileType = sourcecode.swift; path = AppDelegate.swift; sourceTree = "<group>"; };
		51CDA507244D902500A0EE2B /* SceneDelegate.swift */ = {isa = PBXFileReference; lastKnownFileType = sourcecode.swift; path = SceneDelegate.swift; sourceTree = "<group>"; };
		51CDA509244D902500A0EE2B /* WorkoutVC.swift */ = {isa = PBXFileReference; lastKnownFileType = sourcecode.swift; path = WorkoutVC.swift; sourceTree = "<group>"; };
		51CDA50C244D902500A0EE2B /* Base */ = {isa = PBXFileReference; lastKnownFileType = file.storyboard; name = Base; path = Base.lproj/Main.storyboard; sourceTree = "<group>"; };
		51CDA50E244D902800A0EE2B /* Assets.xcassets */ = {isa = PBXFileReference; lastKnownFileType = folder.assetcatalog; path = Assets.xcassets; sourceTree = "<group>"; };
		51CDA511244D902800A0EE2B /* Base */ = {isa = PBXFileReference; lastKnownFileType = file.storyboard; name = Base; path = Base.lproj/LaunchScreen.storyboard; sourceTree = "<group>"; };
		51CDA513244D902800A0EE2B /* Info.plist */ = {isa = PBXFileReference; lastKnownFileType = text.plist.xml; path = Info.plist; sourceTree = "<group>"; };
		51CDA51D244D94FA00A0EE2B /* WorkoutSampleData.swift */ = {isa = PBXFileReference; lastKnownFileType = sourcecode.swift; path = WorkoutSampleData.swift; sourceTree = "<group>"; };
/* End PBXFileReference section */

/* Begin PBXFrameworksBuildPhase section */
		51CDA4FF244D902500A0EE2B /* Frameworks */ = {
			isa = PBXFrameworksBuildPhase;
			buildActionMask = 2147483647;
			files = (
				518902AA2450393D0073153E /* HealthKit.framework in Frameworks */,
			);
			runOnlyForDeploymentPostprocessing = 0;
		};
/* End PBXFrameworksBuildPhase section */

/* Begin PBXGroup section */
		51852C2E2451763900929FC0 /* View */ = {
			isa = PBXGroup;
			children = (
				51CDA50B244D902500A0EE2B /* Main.storyboard */,
				51CDA510244D902800A0EE2B /* LaunchScreen.storyboard */,
			);
			path = View;
			sourceTree = "<group>";
		};
		51852C2F2451765100929FC0 /* Auxiliary */ = {
			isa = PBXGroup;
			children = (
				51CDA50E244D902800A0EE2B /* Assets.xcassets */,
				51CDA505244D902500A0EE2B /* AppDelegate.swift */,
				51CDA507244D902500A0EE2B /* SceneDelegate.swift */,
				518902AB24503B2F0073153E /* HealthKitManager.swift */,
			);
			path = Auxiliary;
			sourceTree = "<group>";
		};
		518902A82450393D0073153E /* Frameworks */ = {
			isa = PBXGroup;
			children = (
				518902A92450393D0073153E /* HealthKit.framework */,
			);
			name = Frameworks;
			sourceTree = "<group>";
		};
		51CDA4F9244D902500A0EE2B = {
			isa = PBXGroup;
			children = (
				51852C2C2450BE4D00929FC0 /* ToDo  */,
				51CDA504244D902500A0EE2B /* Bicicleteando */,
				51CDA503244D902500A0EE2B /* Products */,
				518902A82450393D0073153E /* Frameworks */,
			);
			sourceTree = "<group>";
		};
		51CDA503244D902500A0EE2B /* Products */ = {
			isa = PBXGroup;
			children = (
				51CDA502244D902500A0EE2B /* Bicicleteando.app */,
			);
			name = Products;
			sourceTree = "<group>";
		};
		51CDA504244D902500A0EE2B /* Bicicleteando */ = {
			isa = PBXGroup;
			children = (
				518902A72450393D0073153E /* Bicicleteando.entitlements */,
				51852C2F2451765100929FC0 /* Auxiliary */,
				51CDA519244D91AF00A0EE2B /* Models */,
				51852C2E2451763900929FC0 /* View */,
				51CDA51C244D94E400A0EE2B /* Controller */,
				51CDA513244D902800A0EE2B /* Info.plist */,
			);
			path = Bicicleteando;
			sourceTree = "<group>";
		};
		51CDA519244D91AF00A0EE2B /* Models */ = {
			isa = PBXGroup;
			children = (
				518902B1245094AD0073153E /* Bike.swift */,
				518902B5245099F50073153E /* BikeTVC.swift */,
				51CDA51D244D94FA00A0EE2B /* WorkoutSampleData.swift */,
			);
			path = Models;
			sourceTree = "<group>";
		};
		51CDA51C244D94E400A0EE2B /* Controller */ = {
			isa = PBXGroup;
			children = (
				51CDA509244D902500A0EE2B /* WorkoutVC.swift */,
				518902B3245095A10073153E /* BikeSelectionVC.swift */,
			);
			path = Controller;
			sourceTree = "<group>";
		};
/* End PBXGroup section */

/* Begin PBXNativeTarget section */
		51CDA501244D902500A0EE2B /* Bicicleteando */ = {
			isa = PBXNativeTarget;
			buildConfigurationList = 51CDA516244D902800A0EE2B /* Build configuration list for PBXNativeTarget "Bicicleteando" */;
			buildPhases = (
				51CDA4FE244D902500A0EE2B /* Sources */,
				51CDA4FF244D902500A0EE2B /* Frameworks */,
				51CDA500244D902500A0EE2B /* Resources */,
			);
			buildRules = (
			);
			dependencies = (
			);
			name = Bicicleteando;
			productName = Bicicleteando;
			productReference = 51CDA502244D902500A0EE2B /* Bicicleteando.app */;
			productType = "com.apple.product-type.application";
		};
/* End PBXNativeTarget section */

/* Begin PBXProject section */
		51CDA4FA244D902500A0EE2B /* Project object */ = {
			isa = PBXProject;
			attributes = {
				LastSwiftUpdateCheck = 1140;
				LastUpgradeCheck = 1140;
				ORGANIZATIONNAME = "Daniel Alesanco";
				TargetAttributes = {
					51CDA501244D902500A0EE2B = {
						CreatedOnToolsVersion = 11.4.1;
					};
				};
			};
			buildConfigurationList = 51CDA4FD244D902500A0EE2B /* Build configuration list for PBXProject "Bicicleteando" */;
			compatibilityVersion = "Xcode 9.3";
			developmentRegion = en;
			hasScannedForEncodings = 0;
			knownRegions = (
				en,
				Base,
			);
			mainGroup = 51CDA4F9244D902500A0EE2B;
			productRefGroup = 51CDA503244D902500A0EE2B /* Products */;
			projectDirPath = "";
			projectRoot = "";
			targets = (
				51CDA501244D902500A0EE2B /* Bicicleteando */,
			);
		};
/* End PBXProject section */

/* Begin PBXResourcesBuildPhase section */
		51CDA500244D902500A0EE2B /* Resources */ = {
			isa = PBXResourcesBuildPhase;
			buildActionMask = 2147483647;
			files = (
				51CDA512244D902800A0EE2B /* LaunchScreen.storyboard in Resources */,
				51CDA50F244D902800A0EE2B /* Assets.xcassets in Resources */,
				51CDA50D244D902500A0EE2B /* Main.storyboard in Resources */,
				51852C2D2450BE4D00929FC0 /* ToDo  in Resources */,
			);
			runOnlyForDeploymentPostprocessing = 0;
		};
/* End PBXResourcesBuildPhase section */

/* Begin PBXSourcesBuildPhase section */
		51CDA4FE244D902500A0EE2B /* Sources */ = {
			isa = PBXSourcesBuildPhase;
			buildActionMask = 2147483647;
			files = (
				518902B6245099F50073153E /* BikeTVC.swift in Sources */,
				51CDA50A244D902500A0EE2B /* WorkoutVC.swift in Sources */,
				51CDA506244D902500A0EE2B /* AppDelegate.swift in Sources */,
				518902B2245094AD0073153E /* Bike.swift in Sources */,
				518902AC24503B2F0073153E /* HealthKitManager.swift in Sources */,
				518902B4245095A10073153E /* BikeSelectionVC.swift in Sources */,
				51CDA508244D902500A0EE2B /* SceneDelegate.swift in Sources */,
				51CDA51E244D94FA00A0EE2B /* WorkoutSampleData.swift in Sources */,
			);
			runOnlyForDeploymentPostprocessing = 0;
		};
/* End PBXSourcesBuildPhase section */

/* Begin PBXVariantGroup section */
		51CDA50B244D902500A0EE2B /* Main.storyboard */ = {
			isa = PBXVariantGroup;
			children = (
				51CDA50C244D902500A0EE2B /* Base */,
			);
			name = Main.storyboard;
			sourceTree = "<group>";
		};
		51CDA510244D902800A0EE2B /* LaunchScreen.storyboard */ = {
			isa = PBXVariantGroup;
			children = (
				51CDA511244D902800A0EE2B /* Base */,
			);
			name = LaunchScreen.storyboard;
			sourceTree = "<group>";
		};
/* End PBXVariantGroup section */

/* Begin XCBuildConfiguration section */
		51CDA514244D902800A0EE2B /* Debug */ = {
			isa = XCBuildConfiguration;
			buildSettings = {
				ALWAYS_SEARCH_USER_PATHS = NO;
				CLANG_ANALYZER_NONNULL = YES;
				CLANG_ANALYZER_NUMBER_OBJECT_CONVERSION = YES_AGGRESSIVE;
				CLANG_CXX_LANGUAGE_STANDARD = "gnu++14";
				CLANG_CXX_LIBRARY = "libc++";
				CLANG_ENABLE_MODULES = YES;
				CLANG_ENABLE_OBJC_ARC = YES;
				CLANG_ENABLE_OBJC_WEAK = YES;
				CLANG_WARN_BLOCK_CAPTURE_AUTORELEASING = YES;
				CLANG_WARN_BOOL_CONVERSION = YES;
				CLANG_WARN_COMMA = YES;
				CLANG_WARN_CONSTANT_CONVERSION = YES;
				CLANG_WARN_DEPRECATED_OBJC_IMPLEMENTATIONS = YES;
				CLANG_WARN_DIRECT_OBJC_ISA_USAGE = YES_ERROR;
				CLANG_WARN_DOCUMENTATION_COMMENTS = YES;
				CLANG_WARN_EMPTY_BODY = YES;
				CLANG_WARN_ENUM_CONVERSION = YES;
				CLANG_WARN_INFINITE_RECURSION = YES;
				CLANG_WARN_INT_CONVERSION = YES;
				CLANG_WARN_NON_LITERAL_NULL_CONVERSION = YES;
				CLANG_WARN_OBJC_IMPLICIT_RETAIN_SELF = YES;
				CLANG_WARN_OBJC_LITERAL_CONVERSION = YES;
				CLANG_WARN_OBJC_ROOT_CLASS = YES_ERROR;
				CLANG_WARN_RANGE_LOOP_ANALYSIS = YES;
				CLANG_WARN_STRICT_PROTOTYPES = YES;
				CLANG_WARN_SUSPICIOUS_MOVE = YES;
				CLANG_WARN_UNGUARDED_AVAILABILITY = YES_AGGRESSIVE;
				CLANG_WARN_UNREACHABLE_CODE = YES;
				CLANG_WARN__DUPLICATE_METHOD_MATCH = YES;
				COPY_PHASE_STRIP = NO;
				DEBUG_INFORMATION_FORMAT = dwarf;
				ENABLE_STRICT_OBJC_MSGSEND = YES;
				ENABLE_TESTABILITY = YES;
				GCC_C_LANGUAGE_STANDARD = gnu11;
				GCC_DYNAMIC_NO_PIC = NO;
				GCC_NO_COMMON_BLOCKS = YES;
				GCC_OPTIMIZATION_LEVEL = 0;
				GCC_PREPROCESSOR_DEFINITIONS = (
					"DEBUG=1",
					"$(inherited)",
				);
				GCC_WARN_64_TO_32_BIT_CONVERSION = YES;
				GCC_WARN_ABOUT_RETURN_TYPE = YES_ERROR;
				GCC_WARN_UNDECLARED_SELECTOR = YES;
				GCC_WARN_UNINITIALIZED_AUTOS = YES_AGGRESSIVE;
				GCC_WARN_UNUSED_FUNCTION = YES;
				GCC_WARN_UNUSED_VARIABLE = YES;
				IPHONEOS_DEPLOYMENT_TARGET = 13.0;
				MTL_ENABLE_DEBUG_INFO = INCLUDE_SOURCE;
				MTL_FAST_MATH = YES;
				ONLY_ACTIVE_ARCH = YES;
				SDKROOT = iphoneos;
				SWIFT_ACTIVE_COMPILATION_CONDITIONS = DEBUG;
				SWIFT_OPTIMIZATION_LEVEL = "-Onone";
			};
			name = Debug;
		};
		51CDA515244D902800A0EE2B /* Release */ = {
			isa = XCBuildConfiguration;
			buildSettings = {
				ALWAYS_SEARCH_USER_PATHS = NO;
				CLANG_ANALYZER_NONNULL = YES;
				CLANG_ANALYZER_NUMBER_OBJECT_CONVERSION = YES_AGGRESSIVE;
				CLANG_CXX_LANGUAGE_STANDARD = "gnu++14";
				CLANG_CXX_LIBRARY = "libc++";
				CLANG_ENABLE_MODULES = YES;
				CLANG_ENABLE_OBJC_ARC = YES;
				CLANG_ENABLE_OBJC_WEAK = YES;
				CLANG_WARN_BLOCK_CAPTURE_AUTORELEASING = YES;
				CLANG_WARN_BOOL_CONVERSION = YES;
				CLANG_WARN_COMMA = YES;
				CLANG_WARN_CONSTANT_CONVERSION = YES;
				CLANG_WARN_DEPRECATED_OBJC_IMPLEMENTATIONS = YES;
				CLANG_WARN_DIRECT_OBJC_ISA_USAGE = YES_ERROR;
				CLANG_WARN_DOCUMENTATION_COMMENTS = YES;
				CLANG_WARN_EMPTY_BODY = YES;
				CLANG_WARN_ENUM_CONVERSION = YES;
				CLANG_WARN_INFINITE_RECURSION = YES;
				CLANG_WARN_INT_CONVERSION = YES;
				CLANG_WARN_NON_LITERAL_NULL_CONVERSION = YES;
				CLANG_WARN_OBJC_IMPLICIT_RETAIN_SELF = YES;
				CLANG_WARN_OBJC_LITERAL_CONVERSION = YES;
				CLANG_WARN_OBJC_ROOT_CLASS = YES_ERROR;
				CLANG_WARN_RANGE_LOOP_ANALYSIS = YES;
				CLANG_WARN_STRICT_PROTOTYPES = YES;
				CLANG_WARN_SUSPICIOUS_MOVE = YES;
				CLANG_WARN_UNGUARDED_AVAILABILITY = YES_AGGRESSIVE;
				CLANG_WARN_UNREACHABLE_CODE = YES;
				CLANG_WARN__DUPLICATE_METHOD_MATCH = YES;
				COPY_PHASE_STRIP = NO;
				DEBUG_INFORMATION_FORMAT = "dwarf-with-dsym";
				ENABLE_NS_ASSERTIONS = NO;
				ENABLE_STRICT_OBJC_MSGSEND = YES;
				GCC_C_LANGUAGE_STANDARD = gnu11;
				GCC_NO_COMMON_BLOCKS = YES;
				GCC_WARN_64_TO_32_BIT_CONVERSION = YES;
				GCC_WARN_ABOUT_RETURN_TYPE = YES_ERROR;
				GCC_WARN_UNDECLARED_SELECTOR = YES;
				GCC_WARN_UNINITIALIZED_AUTOS = YES_AGGRESSIVE;
				GCC_WARN_UNUSED_FUNCTION = YES;
				GCC_WARN_UNUSED_VARIABLE = YES;
				IPHONEOS_DEPLOYMENT_TARGET = 13.0;
				MTL_ENABLE_DEBUG_INFO = NO;
				MTL_FAST_MATH = YES;
				SDKROOT = iphoneos;
				SWIFT_COMPILATION_MODE = wholemodule;
				SWIFT_OPTIMIZATION_LEVEL = "-O";
				VALIDATE_PRODUCT = YES;
			};
			name = Release;
		};
		51CDA517244D902800A0EE2B /* Debug */ = {
			isa = XCBuildConfiguration;
			buildSettings = {
				ASSETCATALOG_COMPILER_APPICON_NAME = AppIcon;
				CODE_SIGN_ENTITLEMENTS = Bicicleteando/Bicicleteando.entitlements;
				CODE_SIGN_STYLE = Automatic;
				DEVELOPMENT_TEAM = S254UA97UZ;
				INFOPLIST_FILE = Bicicleteando/Info.plist;
				LD_RUNPATH_SEARCH_PATHS = (
					"$(inherited)",
					"@executable_path/Frameworks",
				);
				PRODUCT_BUNDLE_IDENTIFIER = dalesanco.Bicicleteando;
				PRODUCT_NAME = "$(TARGET_NAME)";
				SWIFT_VERSION = 5.0;
				TARGETED_DEVICE_FAMILY = "1,2";
			};
			name = Debug;
		};
		51CDA518244D902800A0EE2B /* Release */ = {
			isa = XCBuildConfiguration;
			buildSettings = {
				ASSETCATALOG_COMPILER_APPICON_NAME = AppIcon;
				CODE_SIGN_ENTITLEMENTS = Bicicleteando/Bicicleteando.entitlements;
				CODE_SIGN_STYLE = Automatic;
				DEVELOPMENT_TEAM = S254UA97UZ;
				INFOPLIST_FILE = Bicicleteando/Info.plist;
				LD_RUNPATH_SEARCH_PATHS = (
					"$(inherited)",
					"@executable_path/Frameworks",
				);
				PRODUCT_BUNDLE_IDENTIFIER = dalesanco.Bicicleteando;
				PRODUCT_NAME = "$(TARGET_NAME)";
				SWIFT_VERSION = 5.0;
				TARGETED_DEVICE_FAMILY = "1,2";
			};
			name = Release;
		};
/* End XCBuildConfiguration section */

/* Begin XCConfigurationList section */
		51CDA4FD244D902500A0EE2B /* Build configuration list for PBXProject "Bicicleteando" */ = {
			isa = XCConfigurationList;
			buildConfigurations = (
				51CDA514244D902800A0EE2B /* Debug */,
				51CDA515244D902800A0EE2B /* Release */,
			);
			defaultConfigurationIsVisible = 0;
			defaultConfigurationName = Release;
		};
		51CDA516244D902800A0EE2B /* Build configuration list for PBXNativeTarget "Bicicleteando" */ = {
			isa = XCConfigurationList;
			buildConfigurations = (
				51CDA517244D902800A0EE2B /* Debug */,
				51CDA518244D902800A0EE2B /* Release */,
			);
			defaultConfigurationIsVisible = 0;
			defaultConfigurationName = Release;
		};
/* End XCConfigurationList section */
	};
	rootObject = 51CDA4FA244D902500A0EE2B /* Project object */;
}
